
Microsoft Visual Studio Solution File, Format Version 12.00
# Visual Studio Version 16
VisualStudioVersion = 16.0.31129.286
MinimumVisualStudioVersion = 10.0.40219.1
Project("{9A19103F-16F7-4668-BE54-9A1E7A4F7556}") = "ObjectStack", "WS2\ObjectStack.csproj", "{019D0CD5-3897-42BF-84CC-29F14CBD4E69}"
EndProject
Project("{9A19103F-16F7-4668-BE54-9A1E7A4F7556}") = "GenericLinkedList", "GenericLinkedList\GenericLinkedList.csproj", "{48145BB3-35DC-406A-BB27-B4F3034256D6}"
EndProject
Project("{FAE04EC0-301F-11D3-BF4B-00C04F79EFBC}") = "Shape", "Shape\Shape.csproj", "{70EE3DB9-9E48-4A38-B288-B84654F625F1}"
EndProject
Global
	GlobalSection(SolutionConfigurationPlatforms) = preSolution
		Debug|Any CPU = Debug|Any CPU
		Release|Any CPU = Release|Any CPU
	EndGlobalSection
	GlobalSection(ProjectConfigurationPlatforms) = postSolution
		{019D0CD5-3897-42BF-84CC-29F14CBD4E69}.Debug|Any CPU.ActiveCfg = Debug|Any CPU
		{019D0CD5-3897-42BF-84CC-29F14CBD4E69}.Debug|Any CPU.Build.0 = Debug|Any CPU
		{019D0CD5-3897-42BF-84CC-29F14CBD4E69}.Release|Any CPU.ActiveCfg = Release|Any CPU
		{019D0CD5-3897-42BF-84CC-29F14CBD4E69}.Release|Any CPU.Build.0 = Release|Any CPU
		{48145BB3-35DC-406A-BB27-B4F3034256D6}.Debug|Any CPU.ActiveCfg = Debug|Any CPU
		{48145BB3-35DC-406A-BB27-B4F3034256D6}.Debug|Any CPU.Build.0 = Debug|Any CPU
		{48145BB3-35DC-406A-BB27-B4F3034256D6}.Release|Any CPU.ActiveCfg = Release|Any CPU
		{48145BB3-35DC-406A-BB27-B4F3034256D6}.Release|Any CPU.Build.0 = Release|Any CPU
		{70EE3DB9-9E48-4A38-B288-B84654F625F1}.Debug|Any CPU.ActiveCfg = Debug|Any CPU
		{70EE3DB9-9E48-4A38-B288-B84654F625F1}.Debug|Any CPU.Build.0 = Debug|Any CPU
		{70EE3DB9-9E48-4A38-B288-B84654F625F1}.Release|Any CPU.ActiveCfg = Release|Any CPU
		{70EE3DB9-9E48-4A38-B288-B84654F625F1}.Release|Any CPU.Build.0 = Release|Any CPU
	EndGlobalSection
	GlobalSection(SolutionProperties) = preSolution
		HideSolutionNode = FALSE
	EndGlobalSection
	GlobalSection(ExtensibilityGlobals) = postSolution
		SolutionGuid = {58DCFCAA-658C-4D8D-BE26-7CC48F8AC5F8}
	EndGlobalSection
EndGlobal
